
Microsoft Visual Studio Solution File, Format Version 12.00
# Visual Studio 14
VisualStudioVersion = 14.0.24720.0
MinimumVisualStudioVersion = 10.0.40219.1
Project("{2150E333-8FDC-42A3-9474-1A3956D46DE8}") = "Solution Items", "Solution Items", "{5DB2CF5F-CEF1-48A5-A532-A3959F85D0CA}"
EndProject
Project("{FAE04EC0-301F-11D3-BF4B-00C04F79EFBC}") = "LessUACRunner.Console", "src\LessUACRunner.Console\LessUACRunner.Console.csproj", "{196EE9F2-C65C-4D6B-9D25-C47FF0AD354D}"
EndProject
Project("{FAE04EC0-301F-11D3-BF4B-00C04F79EFBC}") = "LessUACRunner.WinService", "src\LessUACRunner.WinService\LessUACRunner.WinService.csproj", "{9BE5DE26-27AE-4FFE-ADE6-7F398154992C}"
EndProject
Global
	GlobalSection(SolutionConfigurationPlatforms) = preSolution
		Debug|Any CPU = Debug|Any CPU
		Release|Any CPU = Release|Any CPU
	EndGlobalSection
	GlobalSection(ProjectConfigurationPlatforms) = postSolution
		{196EE9F2-C65C-4D6B-9D25-C47FF0AD354D}.Debug|Any CPU.ActiveCfg = Debug|Any CPU
		{196EE9F2-C65C-4D6B-9D25-C47FF0AD354D}.Debug|Any CPU.Build.0 = Debug|Any CPU
		{196EE9F2-C65C-4D6B-9D25-C47FF0AD354D}.Release|Any CPU.ActiveCfg = Release|Any CPU
		{196EE9F2-C65C-4D6B-9D25-C47FF0AD354D}.Release|Any CPU.Build.0 = Release|Any CPU
		{9BE5DE26-27AE-4FFE-ADE6-7F398154992C}.Debug|Any CPU.ActiveCfg = Debug|Any CPU
		{9BE5DE26-27AE-4FFE-ADE6-7F398154992C}.Debug|Any CPU.Build.0 = Debug|Any CPU
		{9BE5DE26-27AE-4FFE-ADE6-7F398154992C}.Release|Any CPU.ActiveCfg = Release|Any CPU
		{9BE5DE26-27AE-4FFE-ADE6-7F398154992C}.Release|Any CPU.Build.0 = Release|Any CPU
	EndGlobalSection
	GlobalSection(SolutionProperties) = preSolution
		HideSolutionNode = FALSE
	EndGlobalSection
EndGlobal
